
Microsoft Visual Studio Solution File, Format Version 12.00
# Visual Studio Version 17
VisualStudioVersion = 17.5.33627.172
MinimumVisualStudioVersion = 10.0.40219.1
Project("{FAE04EC0-301F-11D3-BF4B-00C04F79EFBC}") = "ShopTZ", "ShopTZ\ShopTZ.csproj", "{B66600A2-8317-45E1-A0FF-771CAD4B81B9}"
EndProject
Global
	GlobalSection(SolutionConfigurationPlatforms) = preSolution
		Debug|Any CPU = Debug|Any CPU
		Release|Any CPU = Release|Any CPU
	EndGlobalSection
	GlobalSection(ProjectConfigurationPlatforms) = postSolution
		{B66600A2-8317-45E1-A0FF-771CAD4B81B9}.Debug|Any CPU.ActiveCfg = Debug|Any CPU
		{B66600A2-8317-45E1-A0FF-771CAD4B81B9}.Debug|Any CPU.Build.0 = Debug|Any CPU
		{B66600A2-8317-45E1-A0FF-771CAD4B81B9}.Release|Any CPU.ActiveCfg = Release|Any CPU
		{B66600A2-8317-45E1-A0FF-771CAD4B81B9}.Release|Any CPU.Build.0 = Release|Any CPU
	EndGlobalSection
	GlobalSection(SolutionProperties) = preSolution
		HideSolutionNode = FALSE
	EndGlobalSection
	GlobalSection(ExtensibilityGlobals) = postSolution
		SolutionGuid = {0D691F3A-AE55-4F82-B3CA-A0B60EF7B30E}
	EndGlobalSection
EndGlobal
